
Microsoft Visual Studio Solution File, Format Version 12.00
# Visual Studio Version 17
VisualStudioVersion = 17.13.35818.85 d17.13
MinimumVisualStudioVersion = 10.0.40219.1
Project("{FAE04EC0-301F-11D3-BF4B-00C04F79EFBC}") = "Assignment_DAMAU", "Assignment_DAMAU\Assignment_DAMAU.csproj", "{61AC986C-54D4-4EC4-831A-FD7328EBC5AE}"
EndProject
Global
	GlobalSection(SolutionConfigurationPlatforms) = preSolution
		Debug|Any CPU = Debug|Any CPU
		Release|Any CPU = Release|Any CPU
	EndGlobalSection
	GlobalSection(ProjectConfigurationPlatforms) = postSolution
		{61AC986C-54D4-4EC4-831A-FD7328EBC5AE}.Debug|Any CPU.ActiveCfg = Debug|Any CPU
		{61AC986C-54D4-4EC4-831A-FD7328EBC5AE}.Debug|Any CPU.Build.0 = Debug|Any CPU
		{61AC986C-54D4-4EC4-831A-FD7328EBC5AE}.Release|Any CPU.ActiveCfg = Release|Any CPU
		{61AC986C-54D4-4EC4-831A-FD7328EBC5AE}.Release|Any CPU.Build.0 = Release|Any CPU
	EndGlobalSection
	GlobalSection(SolutionProperties) = preSolution
		HideSolutionNode = FALSE
	EndGlobalSection
	GlobalSection(ExtensibilityGlobals) = postSolution
		SolutionGuid = {A2FAA6BB-D3E4-4E9A-BA03-C5F51EB1CCB7}
	EndGlobalSection
EndGlobal
